
Microsoft Visual Studio Solution File, Format Version 12.00
# Visual Studio Version 17
VisualStudioVersion = 17.0.32014.148
MinimumVisualStudioVersion = 10.0.40219.1
Project("{FAE04EC0-301F-11D3-BF4B-00C04F79EFBC}") = "Modul 4 Final", "Modul 4 Final\Modul 4 Final.csproj", "{9C9D1BEF-D676-46E4-8F90-3A9F6A769682}"
EndProject
Global
	GlobalSection(SolutionConfigurationPlatforms) = preSolution
		Debug|Any CPU = Debug|Any CPU
		Release|Any CPU = Release|Any CPU
	EndGlobalSection
	GlobalSection(ProjectConfigurationPlatforms) = postSolution
		{9C9D1BEF-D676-46E4-8F90-3A9F6A769682}.Debug|Any CPU.ActiveCfg = Debug|Any CPU
		{9C9D1BEF-D676-46E4-8F90-3A9F6A769682}.Debug|Any CPU.Build.0 = Debug|Any CPU
		{9C9D1BEF-D676-46E4-8F90-3A9F6A769682}.Release|Any CPU.ActiveCfg = Release|Any CPU
		{9C9D1BEF-D676-46E4-8F90-3A9F6A769682}.Release|Any CPU.Build.0 = Release|Any CPU
	EndGlobalSection
	GlobalSection(SolutionProperties) = preSolution
		HideSolutionNode = FALSE
	EndGlobalSection
	GlobalSection(ExtensibilityGlobals) = postSolution
		SolutionGuid = {D7D9DCB8-C03D-4AFC-9566-CE88688A0A3B}
	EndGlobalSection
EndGlobal
